
Microsoft Visual Studio Solution File, Format Version 12.00
# Visual Studio Version 17
VisualStudioVersion = 17.12.35527.113 d17.12
MinimumVisualStudioVersion = 10.0.40219.1
Project("{FAE04EC0-301F-11D3-BF4B-00C04F79EFBC}") = "CRM", "CRM.csproj", "{DBAC8D93-56B5-481E-B96C-7CB66B1678DD}"
EndProject
Global
	GlobalSection(SolutionConfigurationPlatforms) = preSolution
		Debug|Any CPU = Debug|Any CPU
		Release|Any CPU = Release|Any CPU
	EndGlobalSection
	GlobalSection(ProjectConfigurationPlatforms) = postSolution
		{DBAC8D93-56B5-481E-B96C-7CB66B1678DD}.Debug|Any CPU.ActiveCfg = Debug|Any CPU
		{DBAC8D93-56B5-481E-B96C-7CB66B1678DD}.Debug|Any CPU.Build.0 = Debug|Any CPU
		{DBAC8D93-56B5-481E-B96C-7CB66B1678DD}.Release|Any CPU.ActiveCfg = Release|Any CPU
		{DBAC8D93-56B5-481E-B96C-7CB66B1678DD}.Release|Any CPU.Build.0 = Release|Any CPU
	EndGlobalSection
	GlobalSection(SolutionProperties) = preSolution
		HideSolutionNode = FALSE
	EndGlobalSection
EndGlobal
